
Microsoft Visual Studio Solution File, Format Version 12.00
# Visual Studio 2013
VisualStudioVersion = 12.0.31101.0
MinimumVisualStudioVersion = 10.0.40219.1
Project("{FAE04EC0-301F-11D3-BF4B-00C04F79EFBC}") = "TCPIPClient.Core", "TCPIP.Core\TCPIPClient.Core.csproj", "{2B07C417-23F0-4798-9AD7-6DB0AC65EBD2}"
EndProject
Project("{FAE04EC0-301F-11D3-BF4B-00C04F79EFBC}") = "TCPIPClient.Data", "TCPIPClient.Data\TCPIPClient.Data.csproj", "{8FD4E9D1-A28D-4EA8-9D61-F5FFB358A4D2}"
EndProject
Global
	GlobalSection(SolutionConfigurationPlatforms) = preSolution
		Debug|Any CPU = Debug|Any CPU
		Release|Any CPU = Release|Any CPU
	EndGlobalSection
	GlobalSection(ProjectConfigurationPlatforms) = postSolution
		{2B07C417-23F0-4798-9AD7-6DB0AC65EBD2}.Debug|Any CPU.ActiveCfg = Debug|Any CPU
		{2B07C417-23F0-4798-9AD7-6DB0AC65EBD2}.Debug|Any CPU.Build.0 = Debug|Any CPU
		{2B07C417-23F0-4798-9AD7-6DB0AC65EBD2}.Release|Any CPU.ActiveCfg = Release|Any CPU
		{2B07C417-23F0-4798-9AD7-6DB0AC65EBD2}.Release|Any CPU.Build.0 = Release|Any CPU
		{8FD4E9D1-A28D-4EA8-9D61-F5FFB358A4D2}.Debug|Any CPU.ActiveCfg = Debug|Any CPU
		{8FD4E9D1-A28D-4EA8-9D61-F5FFB358A4D2}.Debug|Any CPU.Build.0 = Debug|Any CPU
		{8FD4E9D1-A28D-4EA8-9D61-F5FFB358A4D2}.Release|Any CPU.ActiveCfg = Release|Any CPU
		{8FD4E9D1-A28D-4EA8-9D61-F5FFB358A4D2}.Release|Any CPU.Build.0 = Release|Any CPU
	EndGlobalSection
	GlobalSection(SolutionProperties) = preSolution
		HideSolutionNode = FALSE
	EndGlobalSection
EndGlobal
